code.bankrs.com/bosgo v0.6.4 h1:+tb8Mxe9un1vFIRzsQdJEQhMFigtJVS2r5NKOtBrRzY=
code.bankrs.com/bosgo v0.6.4/go.mod h1:R44bklwZ18BI89e9CdT/wLpNBJT5Xjy7KKm+lFgc320=
code.bankrs.com/bosgo v0.6.5 h1:noHFL+9qPzJdvfORXH9D+Mhnv8sm0TwVMAl2PS3C3rU=
code.bankrs.com/bosgo v0.6.5/go.mod h1:R44bklwZ18BI89e9CdT/wLpNBJT5Xjy7KKm+lFgc320=
code.bankrs.com/bosgo v0.6.6 h1:QCI0Hl1dKvGkt+NmfbHHFrJRID/UMtYrulQ1EqlaX/Q=
code.bankrs.com/bosgo v0.6.6/go.mod h1:R44bklwZ18BI89e9CdT/wLpNBJT5Xjy7KKm+lFgc320=
github.com/abiosoft/ishell v2.0.0+incompatible h1:zpwIuEHc37EzrsIYah3cpevrIc8Oma7oZPxr03tlmmw=
github.com/abiosoft/ishell v2.0.0+incompatible/go.mod h1:HQR9AqF2R3P4XXpMpI0NAzgHf/aS6+zVXRj14cVk9qg=
github.com/abiosoft/readline v0.0.0-20180607040430-155bce2042db h1:CjPUSXOiYptLbTdr1RceuZgSFDQ7U15ITERUGrUORx8=
github.com/abiosoft/readline v0.0.0-20180607040430-155bce2042db/go.mod h1:rB3B4rKii8V21ydCbIzH5hZiCQE7f5E9SzUb/ZZx530=
github.com/chzyer/logex v1.1.10/go.mod h1:+Ywpsq7O8HXn0nuIou7OrIPyXbp3wmkHB+jjWRnGsAI=
github.com/chzyer/test v0.0.0-20180213035817-a1ea475d72b1/go.mod h1:Q3SI9o4m/ZMnBNeIyt5eFwwo7qiLfzFZmjNmxjkiQlU=
github.com/davecgh/go-spew v1.1.1/go.mod h1:J7Y8YcW2NihsgmVo/mv3lAwl/skON4iLHjSsI+c5H38=
github.com/fatih/color v1.7.0 h1:DkWD4oS2D8LGGgTQ6IvwJJXSL5Vp2ffcQg58nFV38Ys=
github.com/fatih/color v1.7.0/go.mod h1:Zm6kSWBoL9eyXnKyktHP6abPY2pDugNf5KwzbycvMj4=
github.com/flynn-archive/go-shlex v0.0.0-20150515145356-3f9db97f8568 h1:BMXYYRWTLOJKlh+lOBt6nUQgXAfB7oVIQt5cNreqSLI=
github.com/flynn-archive/go-shlex v0.0.0-20150515145356-3f9db97f8568/go.mod h1:rZfgFAXFS/z/lEd6LJmf9HVZ1LkgYiHx5pHhV5DR16M=
github.com/mattn/go-colorable v0.0.9 h1:UVL0vNpWh04HeJXV0KLcaT7r06gOH2l4OW6ddYRUIY4=
github.com/mattn/go-colorable v0.0.9/go.mod h1:9vuHe8Xs5qXnSaW/c/ABM9alt+Vo+STaOChaDxuIBZU=
github.com/mattn/go-isatty v0.0.4 h1:bnP0vzxcAdeI1zdubAl5PjU6zsERjGZb7raWodagDYs=
github.com/mattn/go-isatty v0.0.4/go.mod h1:M+lRXTBqGeGNdLjl/ufCoiOlB5xdOkqRJdNxMWT7Zi4=
github.com/pmezard/go-difflib v1.0.0/go.mod h1:iKH77koFhYxTK1pcRnkKkqfTogsbg7gZNVY4sRDYZ/4=
github.com/stretchr/testify v1.2.2/go.mod h1:a8OnRcib4nhh0OaRAV+Yts87kKdq0PP7pXfy6kDkUVs=
golang.org/x/sys v0.0.0-20181128092732-4ed8d59d0b35/go.mod h1:STP8DvDyc/dI5b8T5hshtkjS+E42TnysNCUPdjciGhY=
